
Microsoft Visual Studio Solution File, Format Version 12.00
# Visual Studio Version 17
VisualStudioVersion = 17.0.32014.148
MinimumVisualStudioVersion = 10.0.40219.1
Project("{FAE04EC0-301F-11D3-BF4B-00C04F79EFBC}") = "Books List App", "Books List App\Books List App.csproj", "{53F9ECB0-CA72-48A9-ABC3-14DA7EBC9241}"
EndProject
Global
	GlobalSection(SolutionConfigurationPlatforms) = preSolution
		Debug|Any CPU = Debug|Any CPU
		Release|Any CPU = Release|Any CPU
	EndGlobalSection
	GlobalSection(ProjectConfigurationPlatforms) = postSolution
		{53F9ECB0-CA72-48A9-ABC3-14DA7EBC9241}.Debug|Any CPU.ActiveCfg = Debug|Any CPU
		{53F9ECB0-CA72-48A9-ABC3-14DA7EBC9241}.Debug|Any CPU.Build.0 = Debug|Any CPU
		{53F9ECB0-CA72-48A9-ABC3-14DA7EBC9241}.Release|Any CPU.ActiveCfg = Release|Any CPU
		{53F9ECB0-CA72-48A9-ABC3-14DA7EBC9241}.Release|Any CPU.Build.0 = Release|Any CPU
	EndGlobalSection
	GlobalSection(SolutionProperties) = preSolution
		HideSolutionNode = FALSE
	EndGlobalSection
	GlobalSection(ExtensibilityGlobals) = postSolution
		SolutionGuid = {7AF1D9DE-10B8-4858-8A4C-39CA7F6980A0}
	EndGlobalSection
EndGlobal
